# This file is autogenerated, do not edit; changes may be undone by the next 'dep ensure'.


[[projects]]
  branch = "master"
  name = "github.com/gobwas/httphead"
  packages = ["."]
  revision = "2c6c146eadee0b69f856f87e3e9f1d0cd6aad2f5"

[[projects]]
  name = "github.com/gobwas/pool"
  packages = [
    ".",
    "internal/pmath",
    "pbufio",
    "pbytes"
  ]
  revision = "fa3125c39d7eca32e1387bb69b1b38dcb31b1e0b"
  version = "v0.2.0"

[[projects]]
  name = "github.com/gobwas/ws"
  packages = [
    ".",
    "wsutil"
  ]
  revision = "05baaea2bbcfe8963301c62d9931c882d59595cd"
  version = "v1.0.2"

[[projects]]
  branch = "master"
  name = "github.com/mailru/easygo"
  packages = ["netpoll"]
  revision = "3c14a0dc985f4cd7899588176a176809055d2b3b"

[[projects]]
  branch = "master"
  name = "github.com/wascript3r/gopool"
  packages = ["."]
  revision = "ee0547f94cb7a7449c5677e67f5f30cb028c8e58"

[[projects]]
  branch = "master"
  name = "github.com/wascript3r/websocket"
  packages = ["."]
  revision = "81aaba18935a3f69a48e6df01c3d9ebb730e9a92"

[[projects]]
  branch = "master"
  name = "golang.org/x/sys"
  packages = ["unix"]
  revision = "bd437916bb0eb726b873ee8e9b2dcf212d32e2fd"

[solve-meta]
  analyzer-name = "dep"
  analyzer-version = 1
  inputs-digest = "e40c44e59f1a6386eb31f7d4855d4ae02c185e7f5d91ed0eb71b68535c1b3d87"
  solver-name = "gps-cdcl"
  solver-version = 1
